// !$*UTF8*$!
{
	archiveVersion = 1;
	classes = {
	};
	objectVersion = 51;
	objects = {

/* Begin PBXBuildFile section */
		09690D0F269DDB3C0003FDC2 /* AppDelegate.swift in Sources */ = {isa = PBXBuildFile; fileRef = 09690D0E269DDB3C0003FDC2 /* AppDelegate.swift */; };
		09690D11269DDB3C0003FDC2 /* SceneDelegate.swift in Sources */ = {isa = PBXBuildFile; fileRef = 09690D10269DDB3C0003FDC2 /* SceneDelegate.swift */; };
		09690D13269DDB3C0003FDC2 /* ViewController.swift in Sources */ = {isa = PBXBuildFile; fileRef = 09690D12269DDB3C0003FDC2 /* ViewController.swift */; };
		09690D16269DDB3C0003FDC2 /* Main.storyboard in Resources */ = {isa = PBXBuildFile; fileRef = 09690D14269DDB3C0003FDC2 /* Main.storyboard */; };
		09690D18269DDB410003FDC2 /* Assets.xcassets in Resources */ = {isa = PBXBuildFile; fileRef = 09690D17269DDB410003FDC2 /* Assets.xcassets */; };
		09690D1B269DDB410003FDC2 /* LaunchScreen.storyboard in Resources */ = {isa = PBXBuildFile; fileRef = 09690D19269DDB410003FDC2 /* LaunchScreen.storyboard */; };
		09690D24269DDC3E0003FDC2 /* BaseTabBarController.swift in Sources */ = {isa = PBXBuildFile; fileRef = 09690D23269DDC3E0003FDC2 /* BaseTabBarController.swift */; };
		09690D27269DE4D80003FDC2 /* CategorySearchController.swift in Sources */ = {isa = PBXBuildFile; fileRef = 09690D26269DE4D80003FDC2 /* CategorySearchController.swift */; };
		09690D29269DE51F0003FDC2 /* BaseListController.swift in Sources */ = {isa = PBXBuildFile; fileRef = 09690D28269DE51F0003FDC2 /* BaseListController.swift */; };
		09690D2C269DE76F0003FDC2 /* SearchCategoryCell.swift in Sources */ = {isa = PBXBuildFile; fileRef = 09690D2B269DE76F0003FDC2 /* SearchCategoryCell.swift */; };
		09690D2F269DEC1D0003FDC2 /* UIView+Layout.swift in Sources */ = {isa = PBXBuildFile; fileRef = 09690D2E269DEC1D0003FDC2 /* UIView+Layout.swift */; };
		09690D31269E0EB10003FDC2 /* SearchFooterCell.swift in Sources */ = {isa = PBXBuildFile; fileRef = 09690D30269E0EB10003FDC2 /* SearchFooterCell.swift */; };
		09690D33269EF45B0003FDC2 /* BaseSearchController.swift in Sources */ = {isa = PBXBuildFile; fileRef = 09690D32269EF45A0003FDC2 /* BaseSearchController.swift */; };
		09690D9D269F4F590003FDC2 /* OfficialAppController.swift in Sources */ = {isa = PBXBuildFile; fileRef = 09690D9C269F4F580003FDC2 /* OfficialAppController.swift */; };
		09690D9F269F541C0003FDC2 /* OfficialAppCell.swift in Sources */ = {isa = PBXBuildFile; fileRef = 09690D9E269F541C0003FDC2 /* OfficialAppCell.swift */; };
		09690DA226A028C20003FDC2 /* AppResult.swift in Sources */ = {isa = PBXBuildFile; fileRef = 09690DA126A028C20003FDC2 /* AppResult.swift */; };
		09690DA526A02D330003FDC2 /* Service.swift in Sources */ = {isa = PBXBuildFile; fileRef = 09690DA426A02D330003FDC2 /* Service.swift */; };
		09690DA726A073210003FDC2 /* TagSearchController.swift in Sources */ = {isa = PBXBuildFile; fileRef = 09690DA626A073210003FDC2 /* TagSearchController.swift */; };
		09690DAA26A08FCF0003FDC2 /* Extension.swift in Sources */ = {isa = PBXBuildFile; fileRef = 09690DA926A08FCF0003FDC2 /* Extension.swift */; };
		09690DCC26A166B00003FDC2 /* SearchResultController.swift in Sources */ = {isa = PBXBuildFile; fileRef = 09690DCB26A166B00003FDC2 /* SearchResultController.swift */; };
		096A5DA026AAACC900BCD743 /* DropDownFloatingView.swift in Sources */ = {isa = PBXBuildFile; fileRef = 096A5D9F26AAACC900BCD743 /* DropDownFloatingView.swift */; };
		096A5DA226AAAD2800BCD743 /* DropDownTableView.swift in Sources */ = {isa = PBXBuildFile; fileRef = 096A5DA126AAAD2800BCD743 /* DropDownTableView.swift */; };
		096A5DA426AAAD7000BCD743 /* DropDownCustomCell.swift in Sources */ = {isa = PBXBuildFile; fileRef = 096A5DA326AAAD7000BCD743 /* DropDownCustomCell.swift */; };
		096A5DA626AC312600BCD743 /* SearchResult.swift in Sources */ = {isa = PBXBuildFile; fileRef = 096A5DA526AC312600BCD743 /* SearchResult.swift */; };
		096A5DA926AC72D800BCD743 /* DetailViewController.swift in Sources */ = {isa = PBXBuildFile; fileRef = 096A5DA826AC72D800BCD743 /* DetailViewController.swift */; };
		096A5DBA26B1BDA100BCD743 /* SharedCell.swift in Sources */ = {isa = PBXBuildFile; fileRef = 096A5DB926B1BDA100BCD743 /* SharedCell.swift */; };
		096A5DBC26B1BF5D00BCD743 /* SearchResultCell.swift in Sources */ = {isa = PBXBuildFile; fileRef = 096A5DBB26B1BF5D00BCD743 /* SearchResultCell.swift */; };
		096A5DBE26B1D55C00BCD743 /* SharedCellPlus.swift in Sources */ = {isa = PBXBuildFile; fileRef = 096A5DBD26B1D55C00BCD743 /* SharedCellPlus.swift */; };
		096A5DC026B1D96800BCD743 /* DetailTableViewCell.swift in Sources */ = {isa = PBXBuildFile; fileRef = 096A5DBF26B1D96800BCD743 /* DetailTableViewCell.swift */; };
		096A5DC526B2A9BE00BCD743 /* DetailCollectionViewCell.swift in Sources */ = {isa = PBXBuildFile; fileRef = 096A5DC426B2A9BE00BCD743 /* DetailCollectionViewCell.swift */; };
		096A5DC726B2BDF000BCD743 /* AchievementRateCell.swift in Sources */ = {isa = PBXBuildFile; fileRef = 096A5DC626B2BDF000BCD743 /* AchievementRateCell.swift */; };
		096A5DC926B2C50D00BCD743 /* DetailDescriptionCell.swift in Sources */ = {isa = PBXBuildFile; fileRef = 096A5DC826B2C50C00BCD743 /* DetailDescriptionCell.swift */; };
		096A5DCB26B31E7200BCD743 /* DetailScreenshotCell.swift in Sources */ = {isa = PBXBuildFile; fileRef = 096A5DCA26B31E7200BCD743 /* DetailScreenshotCell.swift */; };
		096A5DCD26B3215200BCD743 /* DetailScreenshotController.swift in Sources */ = {isa = PBXBuildFile; fileRef = 096A5DCC26B3215200BCD743 /* DetailScreenshotController.swift */; };
		096A5DCF26B329A400BCD743 /* DetailInfoCell.swift in Sources */ = {isa = PBXBuildFile; fileRef = 096A5DCE26B329A400BCD743 /* DetailInfoCell.swift */; };
		096A5DD126B32CAC00BCD743 /* FavoriteRegisterCell.swift in Sources */ = {isa = PBXBuildFile; fileRef = 096A5DD026B32CAC00BCD743 /* FavoriteRegisterCell.swift */; };
		096A5DD326B3382D00BCD743 /* BottomAlertCell.swift in Sources */ = {isa = PBXBuildFile; fileRef = 096A5DD226B3382D00BCD743 /* BottomAlertCell.swift */; };
		096A5DD526B4223000BCD743 /* BottomView.swift in Sources */ = {isa = PBXBuildFile; fileRef = 096A5DD426B4223000BCD743 /* BottomView.swift */; };
		096A5E6726B9AEFE00BCD743 /* CircleProgressView.swift in Sources */ = {isa = PBXBuildFile; fileRef = 096A5E6626B9AEFE00BCD743 /* CircleProgressView.swift */; };
		096A5EB326BEBBE400BCD743 /* BaseSearchCells.swift in Sources */ = {isa = PBXBuildFile; fileRef = 096A5EB226BEBBE400BCD743 /* BaseSearchCells.swift */; };
		096A5EB526BFF29F00BCD743 /* LeftAlignedCollectionViewFlowLayout.swift in Sources */ = {isa = PBXBuildFile; fileRef = 096A5EB426BFF29F00BCD743 /* LeftAlignedCollectionViewFlowLayout.swift */; };
		096A5EB726BFF5FA00BCD743 /* TagHeader.swift in Sources */ = {isa = PBXBuildFile; fileRef = 096A5EB626BFF5FA00BCD743 /* TagHeader.swift */; };
		096A5EB926BFF62C00BCD743 /* TagCollectionViewCell.swift in Sources */ = {isa = PBXBuildFile; fileRef = 096A5EB826BFF62C00BCD743 /* TagCollectionViewCell.swift */; };
		1789B3D6E06E3C5B13E51519 /* Pods_Challenge.framework in Frameworks */ = {isa = PBXBuildFile; fileRef = 9F4A43DFC99F91338F9A2C57 /* Pods_Challenge.framework */; };
/* End PBXBuildFile section */

/* Begin PBXFileReference section */
		071E237C5F473057AE3D1A3D /* Pods-Challenge.release.xcconfig */ = {isa = PBXFileReference; includeInIndex = 1; lastKnownFileType = text.xcconfig; name = "Pods-Challenge.release.xcconfig"; path = "Target Support Files/Pods-Challenge/Pods-Challenge.release.xcconfig"; sourceTree = "<group>"; };
		09690D0B269DDB3C0003FDC2 /* Challenge.app */ = {isa = PBXFileReference; explicitFileType = wrapper.application; includeInIndex = 0; path = Challenge.app; sourceTree = BUILT_PRODUCTS_DIR; };
		09690D0E269DDB3C0003FDC2 /* AppDelegate.swift */ = {isa = PBXFileReference; lastKnownFileType = sourcecode.swift; path = AppDelegate.swift; sourceTree = "<group>"; };
		09690D10269DDB3C0003FDC2 /* SceneDelegate.swift */ = {isa = PBXFileReference; lastKnownFileType = sourcecode.swift; path = SceneDelegate.swift; sourceTree = "<group>"; };
		09690D12269DDB3C0003FDC2 /* ViewController.swift */ = {isa = PBXFileReference; lastKnownFileType = sourcecode.swift; path = ViewController.swift; sourceTree = "<group>"; };
		09690D15269DDB3C0003FDC2 /* Base */ = {isa = PBXFileReference; lastKnownFileType = file.storyboard; name = Base; path = Base.lproj/Main.storyboard; sourceTree = "<group>"; };
		09690D17269DDB410003FDC2 /* Assets.xcassets */ = {isa = PBXFileReference; lastKnownFileType = folder.assetcatalog; path = Assets.xcassets; sourceTree = "<group>"; };
		09690D1A269DDB410003FDC2 /* Base */ = {isa = PBXFileReference; lastKnownFileType = file.storyboard; name = Base; path = Base.lproj/LaunchScreen.storyboard; sourceTree = "<group>"; };
		09690D1C269DDB410003FDC2 /* Info.plist */ = {isa = PBXFileReference; lastKnownFileType = text.plist.xml; path = Info.plist; sourceTree = "<group>"; };
		09690D23269DDC3E0003FDC2 /* BaseTabBarController.swift */ = {isa = PBXFileReference; lastKnownFileType = sourcecode.swift; path = BaseTabBarController.swift; sourceTree = "<group>"; };
		09690D26269DE4D80003FDC2 /* CategorySearchController.swift */ = {isa = PBXFileReference; lastKnownFileType = sourcecode.swift; path = CategorySearchController.swift; sourceTree = "<group>"; };
		09690D28269DE51F0003FDC2 /* BaseListController.swift */ = {isa = PBXFileReference; lastKnownFileType = sourcecode.swift; path = BaseListController.swift; sourceTree = "<group>"; };
		09690D2B269DE76F0003FDC2 /* SearchCategoryCell.swift */ = {isa = PBXFileReference; lastKnownFileType = sourcecode.swift; path = SearchCategoryCell.swift; sourceTree = "<group>"; };
		09690D2E269DEC1D0003FDC2 /* UIView+Layout.swift */ = {isa = PBXFileReference; lastKnownFileType = sourcecode.swift; path = "UIView+Layout.swift"; sourceTree = "<group>"; };
		09690D30269E0EB10003FDC2 /* SearchFooterCell.swift */ = {isa = PBXFileReference; lastKnownFileType = sourcecode.swift; path = SearchFooterCell.swift; sourceTree = "<group>"; };
		09690D32269EF45A0003FDC2 /* BaseSearchController.swift */ = {isa = PBXFileReference; lastKnownFileType = sourcecode.swift; path = BaseSearchController.swift; sourceTree = "<group>"; };
		09690D9C269F4F580003FDC2 /* OfficialAppController.swift */ = {isa = PBXFileReference; lastKnownFileType = sourcecode.swift; path = OfficialAppController.swift; sourceTree = "<group>"; };
		09690D9E269F541C0003FDC2 /* OfficialAppCell.swift */ = {isa = PBXFileReference; lastKnownFileType = sourcecode.swift; path = OfficialAppCell.swift; sourceTree = "<group>"; };
		09690DA126A028C20003FDC2 /* AppResult.swift */ = {isa = PBXFileReference; lastKnownFileType = sourcecode.swift; path = AppResult.swift; sourceTree = "<group>"; };
		09690DA426A02D330003FDC2 /* Service.swift */ = {isa = PBXFileReference; lastKnownFileType = sourcecode.swift; path = Service.swift; sourceTree = "<group>"; };
		09690DA626A073210003FDC2 /* TagSearchController.swift */ = {isa = PBXFileReference; lastKnownFileType = sourcecode.swift; path = TagSearchController.swift; sourceTree = "<group>"; };
		09690DA926A08FCF0003FDC2 /* Extension.swift */ = {isa = PBXFileReference; lastKnownFileType = sourcecode.swift; path = Extension.swift; sourceTree = "<group>"; };
		09690DCB26A166B00003FDC2 /* SearchResultController.swift */ = {isa = PBXFileReference; lastKnownFileType = sourcecode.swift; path = SearchResultController.swift; sourceTree = "<group>"; };
		096A5D9F26AAACC900BCD743 /* DropDownFloatingView.swift */ = {isa = PBXFileReference; lastKnownFileType = sourcecode.swift; path = DropDownFloatingView.swift; sourceTree = "<group>"; };
		096A5DA126AAAD2800BCD743 /* DropDownTableView.swift */ = {isa = PBXFileReference; lastKnownFileType = sourcecode.swift; path = DropDownTableView.swift; sourceTree = "<group>"; };
		096A5DA326AAAD7000BCD743 /* DropDownCustomCell.swift */ = {isa = PBXFileReference; lastKnownFileType = sourcecode.swift; path = DropDownCustomCell.swift; sourceTree = "<group>"; };
		096A5DA526AC312600BCD743 /* SearchResult.swift */ = {isa = PBXFileReference; lastKnownFileType = sourcecode.swift; path = SearchResult.swift; sourceTree = "<group>"; };
		096A5DA826AC72D800BCD743 /* DetailViewController.swift */ = {isa = PBXFileReference; lastKnownFileType = sourcecode.swift; path = DetailViewController.swift; sourceTree = "<group>"; };
		096A5DB926B1BDA100BCD743 /* SharedCell.swift */ = {isa = PBXFileReference; lastKnownFileType = sourcecode.swift; path = SharedCell.swift; sourceTree = "<group>"; };
		096A5DBB26B1BF5D00BCD743 /* SearchResultCell.swift */ = {isa = PBXFileReference; lastKnownFileType = sourcecode.swift; path = SearchResultCell.swift; sourceTree = "<group>"; };
		096A5DBD26B1D55C00BCD743 /* SharedCellPlus.swift */ = {isa = PBXFileReference; lastKnownFileType = sourcecode.swift; path = SharedCellPlus.swift; sourceTree = "<group>"; };
		096A5DBF26B1D96800BCD743 /* DetailTableViewCell.swift */ = {isa = PBXFileReference; lastKnownFileType = sourcecode.swift; path = DetailTableViewCell.swift; sourceTree = "<group>"; };
		096A5DC426B2A9BE00BCD743 /* DetailCollectionViewCell.swift */ = {isa = PBXFileReference; lastKnownFileType = sourcecode.swift; path = DetailCollectionViewCell.swift; sourceTree = "<group>"; };
		096A5DC626B2BDF000BCD743 /* AchievementRateCell.swift */ = {isa = PBXFileReference; lastKnownFileType = sourcecode.swift; path = AchievementRateCell.swift; sourceTree = "<group>"; };
		096A5DC826B2C50C00BCD743 /* DetailDescriptionCell.swift */ = {isa = PBXFileReference; lastKnownFileType = sourcecode.swift; path = DetailDescriptionCell.swift; sourceTree = "<group>"; };
		096A5DCA26B31E7200BCD743 /* DetailScreenshotCell.swift */ = {isa = PBXFileReference; lastKnownFileType = sourcecode.swift; path = DetailScreenshotCell.swift; sourceTree = "<group>"; };
		096A5DCC26B3215200BCD743 /* DetailScreenshotController.swift */ = {isa = PBXFileReference; lastKnownFileType = sourcecode.swift; path = DetailScreenshotController.swift; sourceTree = "<group>"; };
		096A5DCE26B329A400BCD743 /* DetailInfoCell.swift */ = {isa = PBXFileReference; lastKnownFileType = sourcecode.swift; path = DetailInfoCell.swift; sourceTree = "<group>"; };
		096A5DD026B32CAC00BCD743 /* FavoriteRegisterCell.swift */ = {isa = PBXFileReference; lastKnownFileType = sourcecode.swift; path = FavoriteRegisterCell.swift; sourceTree = "<group>"; };
		096A5DD226B3382D00BCD743 /* BottomAlertCell.swift */ = {isa = PBXFileReference; lastKnownFileType = sourcecode.swift; path = BottomAlertCell.swift; sourceTree = "<group>"; };
		096A5DD426B4223000BCD743 /* BottomView.swift */ = {isa = PBXFileReference; lastKnownFileType = sourcecode.swift; path = BottomView.swift; sourceTree = "<group>"; };
		096A5E6626B9AEFE00BCD743 /* CircleProgressView.swift */ = {isa = PBXFileReference; lastKnownFileType = sourcecode.swift; path = CircleProgressView.swift; sourceTree = "<group>"; };
		096A5EB226BEBBE400BCD743 /* BaseSearchCells.swift */ = {isa = PBXFileReference; lastKnownFileType = sourcecode.swift; path = BaseSearchCells.swift; sourceTree = "<group>"; };
		096A5EB426BFF29F00BCD743 /* LeftAlignedCollectionViewFlowLayout.swift */ = {isa = PBXFileReference; lastKnownFileType = sourcecode.swift; path = LeftAlignedCollectionViewFlowLayout.swift; sourceTree = "<group>"; };
		096A5EB626BFF5FA00BCD743 /* TagHeader.swift */ = {isa = PBXFileReference; lastKnownFileType = sourcecode.swift; path = TagHeader.swift; sourceTree = "<group>"; };
		096A5EB826BFF62C00BCD743 /* TagCollectionViewCell.swift */ = {isa = PBXFileReference; lastKnownFileType = sourcecode.swift; path = TagCollectionViewCell.swift; sourceTree = "<group>"; };
		0B0E8AE0040FB34B556DA093 /* Pods-Challenge.debug.xcconfig */ = {isa = PBXFileReference; includeInIndex = 1; lastKnownFileType = text.xcconfig; name = "Pods-Challenge.debug.xcconfig"; path = "Target Support Files/Pods-Challenge/Pods-Challenge.debug.xcconfig"; sourceTree = "<group>"; };
		9F4A43DFC99F91338F9A2C57 /* Pods_Challenge.framework */ = {isa = PBXFileReference; explicitFileType = wrapper.framework; includeInIndex = 0; path = Pods_Challenge.framework; sourceTree = BUILT_PRODUCTS_DIR; };
/* End PBXFileReference section */

/* Begin PBXFrameworksBuildPhase section */
		09690D08269DDB3C0003FDC2 /* Frameworks */ = {
			isa = PBXFrameworksBuildPhase;
			buildActionMask = 2147483647;
			files = (
				1789B3D6E06E3C5B13E51519 /* Pods_Challenge.framework in Frameworks */,
			);
			runOnlyForDeploymentPostprocessing = 0;
		};
/* End PBXFrameworksBuildPhase section */

/* Begin PBXGroup section */
		09690D02269DDB3C0003FDC2 = {
			isa = PBXGroup;
			children = (
				09690D0D269DDB3C0003FDC2 /* Challenge */,
				09690D0C269DDB3C0003FDC2 /* Products */,
				55331B1146B92AED07C7A8AD /* Pods */,
				F1A98A46BC97EC7383AD8BA7 /* Frameworks */,
			);
			sourceTree = "<group>";
		};
		09690D0C269DDB3C0003FDC2 /* Products */ = {
			isa = PBXGroup;
			children = (
				09690D0B269DDB3C0003FDC2 /* Challenge.app */,
			);
			name = Products;
			sourceTree = "<group>";
		};
		09690D0D269DDB3C0003FDC2 /* Challenge */ = {
			isa = PBXGroup;
			children = (
				09690DA326A02D000003FDC2 /* Service */,
				09690D2D269DEBFD0003FDC2 /* Helpers */,
				09690DA026A028B00003FDC2 /* Model */,
				09690D2A269DE7480003FDC2 /* View */,
				09690D22269DDC230003FDC2 /* Controller */,
				09690D0E269DDB3C0003FDC2 /* AppDelegate.swift */,
				09690D10269DDB3C0003FDC2 /* SceneDelegate.swift */,
				09690D12269DDB3C0003FDC2 /* ViewController.swift */,
				09690D14269DDB3C0003FDC2 /* Main.storyboard */,
				09690D17269DDB410003FDC2 /* Assets.xcassets */,
				09690D19269DDB410003FDC2 /* LaunchScreen.storyboard */,
				09690D1C269DDB410003FDC2 /* Info.plist */,
			);
			path = Challenge;
			sourceTree = "<group>";
		};
		09690D22269DDC230003FDC2 /* Controller */ = {
			isa = PBXGroup;
			children = (
				096A5EBB26C1CA3A00BCD743 /* Tag */,
				096A5DA726AC72B900BCD743 /* Detail */,
				09690D25269DE4BF0003FDC2 /* Search */,
				09690D23269DDC3E0003FDC2 /* BaseTabBarController.swift */,
				09690D28269DE51F0003FDC2 /* BaseListController.swift */,
			);
			path = Controller;
			sourceTree = "<group>";
		};
		09690D25269DE4BF0003FDC2 /* Search */ = {
			isa = PBXGroup;
			children = (
				09690D32269EF45A0003FDC2 /* BaseSearchController.swift */,
				09690D26269DE4D80003FDC2 /* CategorySearchController.swift */,
				09690D9C269F4F580003FDC2 /* OfficialAppController.swift */,
				09690DCB26A166B00003FDC2 /* SearchResultController.swift */,
			);
			path = Search;
			sourceTree = "<group>";
		};
		09690D2A269DE7480003FDC2 /* View */ = {
			isa = PBXGroup;
			children = (
				096A5DC326B2A92400BCD743 /* Detail */,
				096A5DC126B2A8A800BCD743 /* Search */,
				096A5DB926B1BDA100BCD743 /* SharedCell.swift */,
				096A5DBD26B1D55C00BCD743 /* SharedCellPlus.swift */,
			);
			path = View;
			sourceTree = "<group>";
		};
		09690D2D269DEBFD0003FDC2 /* Helpers */ = {
			isa = PBXGroup;
			children = (
				09690DA926A08FCF0003FDC2 /* Extension.swift */,
				09690D2E269DEC1D0003FDC2 /* UIView+Layout.swift */,
			);
			path = Helpers;
			sourceTree = "<group>";
		};
		09690DA026A028B00003FDC2 /* Model */ = {
			isa = PBXGroup;
			children = (
				09690DA126A028C20003FDC2 /* AppResult.swift */,
				096A5DA526AC312600BCD743 /* SearchResult.swift */,
			);
			path = Model;
			sourceTree = "<group>";
		};
		09690DA326A02D000003FDC2 /* Service */ = {
			isa = PBXGroup;
			children = (
				09690DA426A02D330003FDC2 /* Service.swift */,
			);
			path = Service;
			sourceTree = "<group>";
		};
		096A5DA726AC72B900BCD743 /* Detail */ = {
			isa = PBXGroup;
			children = (
				096A5DA826AC72D800BCD743 /* DetailViewController.swift */,
				096A5DCC26B3215200BCD743 /* DetailScreenshotController.swift */,
			);
			path = Detail;
			sourceTree = "<group>";
		};
		096A5DC126B2A8A800BCD743 /* Search */ = {
			isa = PBXGroup;
			children = (
				096A5EBA26C1CA0B00BCD743 /* Tag */,
				096A5DC226B2A8D000BCD743 /* DropDown */,
				09690D9E269F541C0003FDC2 /* OfficialAppCell.swift */,
				09690D30269E0EB10003FDC2 /* SearchFooterCell.swift */,
				09690D2B269DE76F0003FDC2 /* SearchCategoryCell.swift */,
				096A5DBB26B1BF5D00BCD743 /* SearchResultCell.swift */,
				096A5EB226BEBBE400BCD743 /* BaseSearchCells.swift */,
			);
			path = Search;
			sourceTree = "<group>";
		};
		096A5DC226B2A8D000BCD743 /* DropDown */ = {
			isa = PBXGroup;
			children = (
				096A5D9F26AAACC900BCD743 /* DropDownFloatingView.swift */,
				096A5DA126AAAD2800BCD743 /* DropDownTableView.swift */,
				096A5DA326AAAD7000BCD743 /* DropDownCustomCell.swift */,
			);
			path = DropDown;
			sourceTree = "<group>";
		};
		096A5DC326B2A92400BCD743 /* Detail */ = {
			isa = PBXGroup;
			children = (
				096A5DBF26B1D96800BCD743 /* DetailTableViewCell.swift */,
				096A5DC426B2A9BE00BCD743 /* DetailCollectionViewCell.swift */,
				096A5DC626B2BDF000BCD743 /* AchievementRateCell.swift */,
				096A5DC826B2C50C00BCD743 /* DetailDescriptionCell.swift */,
				096A5DCA26B31E7200BCD743 /* DetailScreenshotCell.swift */,
				096A5DCE26B329A400BCD743 /* DetailInfoCell.swift */,
				096A5DD026B32CAC00BCD743 /* FavoriteRegisterCell.swift */,
				096A5DD226B3382D00BCD743 /* BottomAlertCell.swift */,
				096A5DD426B4223000BCD743 /* BottomView.swift */,
				096A5E6626B9AEFE00BCD743 /* CircleProgressView.swift */,
			);
			path = Detail;
			sourceTree = "<group>";
		};
		096A5EBA26C1CA0B00BCD743 /* Tag */ = {
			isa = PBXGroup;
			children = (
				096A5EB426BFF29F00BCD743 /* LeftAlignedCollectionViewFlowLayout.swift */,
				096A5EB626BFF5FA00BCD743 /* TagHeader.swift */,
				096A5EB826BFF62C00BCD743 /* TagCollectionViewCell.swift */,
			);
			path = Tag;
			sourceTree = "<group>";
		};
		096A5EBB26C1CA3A00BCD743 /* Tag */ = {
			isa = PBXGroup;
			children = (
				09690DA626A073210003FDC2 /* TagSearchController.swift */,
			);
			path = Tag;
			sourceTree = "<group>";
		};
		55331B1146B92AED07C7A8AD /* Pods */ = {
			isa = PBXGroup;
			children = (
				0B0E8AE0040FB34B556DA093 /* Pods-Challenge.debug.xcconfig */,
				071E237C5F473057AE3D1A3D /* Pods-Challenge.release.xcconfig */,
			);
			path = Pods;
			sourceTree = "<group>";
		};
		F1A98A46BC97EC7383AD8BA7 /* Frameworks */ = {
			isa = PBXGroup;
			children = (
				9F4A43DFC99F91338F9A2C57 /* Pods_Challenge.framework */,
			);
			name = Frameworks;
			sourceTree = "<group>";
		};
/* End PBXGroup section */

/* Begin PBXNativeTarget section */
		09690D0A269DDB3C0003FDC2 /* Challenge */ = {
			isa = PBXNativeTarget;
			buildConfigurationList = 09690D1F269DDB410003FDC2 /* Build configuration list for PBXNativeTarget "Challenge" */;
			buildPhases = (
				D84B1DB0A651B31D5FBFDC27 /* [CP] Check Pods Manifest.lock */,
				09690D07269DDB3C0003FDC2 /* Sources */,
				09690D08269DDB3C0003FDC2 /* Frameworks */,
				09690D09269DDB3C0003FDC2 /* Resources */,
				C4995A701160711ED9A03D79 /* [CP] Embed Pods Frameworks */,
			);
			buildRules = (
			);
			dependencies = (
			);
			name = Challenge;
			productName = Challenge;
			productReference = 09690D0B269DDB3C0003FDC2 /* Challenge.app */;
			productType = "com.apple.product-type.application";
		};
/* End PBXNativeTarget section */

/* Begin PBXProject section */
		09690D03269DDB3C0003FDC2 /* Project object */ = {
			isa = PBXProject;
			attributes = {
				LastSwiftUpdateCheck = 1250;
				LastUpgradeCheck = 1250;
				TargetAttributes = {
					09690D0A269DDB3C0003FDC2 = {
						CreatedOnToolsVersion = 12.5;
					};
				};
			};
			buildConfigurationList = 09690D06269DDB3C0003FDC2 /* Build configuration list for PBXProject "Challenge" */;
			compatibilityVersion = "Xcode 9.3";
			developmentRegion = en;
			hasScannedForEncodings = 0;
			knownRegions = (
				en,
				Base,
			);
			mainGroup = 09690D02269DDB3C0003FDC2;
			productRefGroup = 09690D0C269DDB3C0003FDC2 /* Products */;
			projectDirPath = "";
			projectRoot = "";
			targets = (
				09690D0A269DDB3C0003FDC2 /* Challenge */,
			);
		};
/* End PBXProject section */

/* Begin PBXResourcesBuildPhase section */
		09690D09269DDB3C0003FDC2 /* Resources */ = {
			isa = PBXResourcesBuildPhase;
			buildActionMask = 2147483647;
			files = (
				09690D1B269DDB410003FDC2 /* LaunchScreen.storyboard in Resources */,
				09690D18269DDB410003FDC2 /* Assets.xcassets in Resources */,
				09690D16269DDB3C0003FDC2 /* Main.storyboard in Resources */,
			);
			runOnlyForDeploymentPostprocessing = 0;
		};
/* End PBXResourcesBuildPhase section */

/* Begin PBXShellScriptBuildPhase section */
		C4995A701160711ED9A03D79 /* [CP] Embed Pods Frameworks */ = {
			isa = PBXShellScriptBuildPhase;
			buildActionMask = 2147483647;
			files = (
			);
			inputFileListPaths = (
				"${PODS_ROOT}/Target Support Files/Pods-Challenge/Pods-Challenge-frameworks-${CONFIGURATION}-input-files.xcfilelist",
			);
			name = "[CP] Embed Pods Frameworks";
			outputFileListPaths = (
				"${PODS_ROOT}/Target Support Files/Pods-Challenge/Pods-Challenge-frameworks-${CONFIGURATION}-output-files.xcfilelist",
			);
			runOnlyForDeploymentPostprocessing = 0;
			shellPath = /bin/sh;
			shellScript = "\"${PODS_ROOT}/Target Support Files/Pods-Challenge/Pods-Challenge-frameworks.sh\"\n";
			showEnvVarsInLog = 0;
		};
		D84B1DB0A651B31D5FBFDC27 /* [CP] Check Pods Manifest.lock */ = {
			isa = PBXShellScriptBuildPhase;
			buildActionMask = 2147483647;
			files = (
			);
			inputFileListPaths = (
			);
			inputPaths = (
				"${PODS_PODFILE_DIR_PATH}/Podfile.lock",
				"${PODS_ROOT}/Manifest.lock",
			);
			name = "[CP] Check Pods Manifest.lock";
			outputFileListPaths = (
			);
			outputPaths = (
				"$(DERIVED_FILE_DIR)/Pods-Challenge-checkManifestLockResult.txt",
			);
			runOnlyForDeploymentPostprocessing = 0;
			shellPath = /bin/sh;
			shellScript = "diff \"${PODS_PODFILE_DIR_PATH}/Podfile.lock\" \"${PODS_ROOT}/Manifest.lock\" > /dev/null\nif [ $? != 0 ] ; then\n    # print error to STDERR\n    echo \"error: The sandbox is not in sync with the Podfile.lock. Run 'pod install' or update your CocoaPods installation.\" >&2\n    exit 1\nfi\n# This output is used by Xcode 'outputs' to avoid re-running this script phase.\necho \"SUCCESS\" > \"${SCRIPT_OUTPUT_FILE_0}\"\n";
			showEnvVarsInLog = 0;
		};
/* End PBXShellScriptBuildPhase section */

/* Begin PBXSourcesBuildPhase section */
		09690D07269DDB3C0003FDC2 /* Sources */ = {
			isa = PBXSourcesBuildPhase;
			buildActionMask = 2147483647;
			files = (
				096A5DA626AC312600BCD743 /* SearchResult.swift in Sources */,
				09690D2F269DEC1D0003FDC2 /* UIView+Layout.swift in Sources */,
				096A5DC526B2A9BE00BCD743 /* DetailCollectionViewCell.swift in Sources */,
				096A5DC026B1D96800BCD743 /* DetailTableViewCell.swift in Sources */,
				096A5EB526BFF29F00BCD743 /* LeftAlignedCollectionViewFlowLayout.swift in Sources */,
				096A5DA026AAACC900BCD743 /* DropDownFloatingView.swift in Sources */,
				096A5DBE26B1D55C00BCD743 /* SharedCellPlus.swift in Sources */,
				096A5DCB26B31E7200BCD743 /* DetailScreenshotCell.swift in Sources */,
				096A5DA426AAAD7000BCD743 /* DropDownCustomCell.swift in Sources */,
				09690D24269DDC3E0003FDC2 /* BaseTabBarController.swift in Sources */,
				09690DA526A02D330003FDC2 /* Service.swift in Sources */,
				096A5DBA26B1BDA100BCD743 /* SharedCell.swift in Sources */,
				09690DA226A028C20003FDC2 /* AppResult.swift in Sources */,
				096A5DD526B4223000BCD743 /* BottomView.swift in Sources */,
				09690D33269EF45B0003FDC2 /* BaseSearchController.swift in Sources */,
				09690D9F269F541C0003FDC2 /* OfficialAppCell.swift in Sources */,
				096A5DCD26B3215200BCD743 /* DetailScreenshotController.swift in Sources */,
				096A5EB926BFF62C00BCD743 /* TagCollectionViewCell.swift in Sources */,
				09690D9D269F4F590003FDC2 /* OfficialAppController.swift in Sources */,
				09690D2C269DE76F0003FDC2 /* SearchCategoryCell.swift in Sources */,
				096A5DA226AAAD2800BCD743 /* DropDownTableView.swift in Sources */,
				096A5DC926B2C50D00BCD743 /* DetailDescriptionCell.swift in Sources */,
				09690D27269DE4D80003FDC2 /* CategorySearchController.swift in Sources */,
				096A5DC726B2BDF000BCD743 /* AchievementRateCell.swift in Sources */,
				096A5EB326BEBBE400BCD743 /* BaseSearchCells.swift in Sources */,
				096A5DA926AC72D800BCD743 /* DetailViewController.swift in Sources */,
				09690DAA26A08FCF0003FDC2 /* Extension.swift in Sources */,
				096A5DD326B3382D00BCD743 /* BottomAlertCell.swift in Sources */,
				09690DA726A073210003FDC2 /* TagSearchController.swift in Sources */,
				096A5DBC26B1BF5D00BCD743 /* SearchResultCell.swift in Sources */,
				09690DCC26A166B00003FDC2 /* SearchResultController.swift in Sources */,
				096A5DD126B32CAC00BCD743 /* FavoriteRegisterCell.swift in Sources */,
				096A5EB726BFF5FA00BCD743 /* TagHeader.swift in Sources */,
				096A5E6726B9AEFE00BCD743 /* CircleProgressView.swift in Sources */,
				096A5DCF26B329A400BCD743 /* DetailInfoCell.swift in Sources */,
				09690D31269E0EB10003FDC2 /* SearchFooterCell.swift in Sources */,
				09690D13269DDB3C0003FDC2 /* ViewController.swift in Sources */,
				09690D0F269DDB3C0003FDC2 /* AppDelegate.swift in Sources */,
				09690D29269DE51F0003FDC2 /* BaseListController.swift in Sources */,
				09690D11269DDB3C0003FDC2 /* SceneDelegate.swift in Sources */,
			);
			runOnlyForDeploymentPostprocessing = 0;
		};
/* End PBXSourcesBuildPhase section */

/* Begin PBXVariantGroup section */
		09690D14269DDB3C0003FDC2 /* Main.storyboard */ = {
			isa = PBXVariantGroup;
			children = (
				09690D15269DDB3C0003FDC2 /* Base */,
			);
			name = Main.storyboard;
			sourceTree = "<group>";
		};
		09690D19269DDB410003FDC2 /* LaunchScreen.storyboard */ = {
			isa = PBXVariantGroup;
			children = (
				09690D1A269DDB410003FDC2 /* Base */,
			);
			name = LaunchScreen.storyboard;
			sourceTree = "<group>";
		};
/* End PBXVariantGroup section */

/* Begin XCBuildConfiguration section */
		09690D1D269DDB410003FDC2 /* Debug */ = {
			isa = XCBuildConfiguration;
			buildSettings = {
				ALWAYS_SEARCH_USER_PATHS = NO;
				CLANG_ANALYZER_NONNULL = YES;
				CLANG_ANALYZER_NUMBER_OBJECT_CONVERSION = YES_AGGRESSIVE;
				CLANG_CXX_LANGUAGE_STANDARD = "gnu++14";
				CLANG_CXX_LIBRARY = "libc++";
				CLANG_ENABLE_MODULES = YES;
				CLANG_ENABLE_OBJC_ARC = YES;
				CLANG_ENABLE_OBJC_WEAK = YES;
				CLANG_WARN_BLOCK_CAPTURE_AUTORELEASING = YES;
				CLANG_WARN_BOOL_CONVERSION = YES;
				CLANG_WARN_COMMA = YES;
				CLANG_WARN_CONSTANT_CONVERSION = YES;
				CLANG_WARN_DEPRECATED_OBJC_IMPLEMENTATIONS = YES;
				CLANG_WARN_DIRECT_OBJC_ISA_USAGE = YES_ERROR;
				CLANG_WARN_DOCUMENTATION_COMMENTS = YES;
				CLANG_WARN_EMPTY_BODY = YES;
				CLANG_WARN_ENUM_CONVERSION = YES;
				CLANG_WARN_INFINITE_RECURSION = YES;
				CLANG_WARN_INT_CONVERSION = YES;
				CLANG_WARN_NON_LITERAL_NULL_CONVERSION = YES;
				CLANG_WARN_OBJC_IMPLICIT_RETAIN_SELF = YES;
				CLANG_WARN_OBJC_LITERAL_CONVERSION = YES;
				CLANG_WARN_OBJC_ROOT_CLASS = YES_ERROR;
				CLANG_WARN_QUOTED_INCLUDE_IN_FRAMEWORK_HEADER = YES;
				CLANG_WARN_RANGE_LOOP_ANALYSIS = YES;
				CLANG_WARN_STRICT_PROTOTYPES = YES;
				CLANG_WARN_SUSPICIOUS_MOVE = YES;
				CLANG_WARN_UNGUARDED_AVAILABILITY = YES_AGGRESSIVE;
				CLANG_WARN_UNREACHABLE_CODE = YES;
				CLANG_WARN__DUPLICATE_METHOD_MATCH = YES;
				COPY_PHASE_STRIP = NO;
				DEBUG_INFORMATION_FORMAT = dwarf;
				ENABLE_STRICT_OBJC_MSGSEND = YES;
				ENABLE_TESTABILITY = YES;
				GCC_C_LANGUAGE_STANDARD = gnu11;
				GCC_DYNAMIC_NO_PIC = NO;
				GCC_NO_COMMON_BLOCKS = YES;
				GCC_OPTIMIZATION_LEVEL = 0;
				GCC_PREPROCESSOR_DEFINITIONS = (
					"DEBUG=1",
					"$(inherited)",
				);
				GCC_WARN_64_TO_32_BIT_CONVERSION = YES;
				GCC_WARN_ABOUT_RETURN_TYPE = YES_ERROR;
				GCC_WARN_UNDECLARED_SELECTOR = YES;
				GCC_WARN_UNINITIALIZED_AUTOS = YES_AGGRESSIVE;
				GCC_WARN_UNUSED_FUNCTION = YES;
				GCC_WARN_UNUSED_VARIABLE = YES;
				IPHONEOS_DEPLOYMENT_TARGET = 13.0;
				MTL_ENABLE_DEBUG_INFO = INCLUDE_SOURCE;
				MTL_FAST_MATH = YES;
				ONLY_ACTIVE_ARCH = YES;
				SDKROOT = iphoneos;
				SWIFT_ACTIVE_COMPILATION_CONDITIONS = DEBUG;
				SWIFT_OPTIMIZATION_LEVEL = "-Onone";
			};
			name = Debug;
		};
		09690D1E269DDB410003FDC2 /* Release */ = {
			isa = XCBuildConfiguration;
			buildSettings = {
				ALWAYS_SEARCH_USER_PATHS = NO;
				CLANG_ANALYZER_NONNULL = YES;
				CLANG_ANALYZER_NUMBER_OBJECT_CONVERSION = YES_AGGRESSIVE;
				CLANG_CXX_LANGUAGE_STANDARD = "gnu++14";
				CLANG_CXX_LIBRARY = "libc++";
				CLANG_ENABLE_MODULES = YES;
				CLANG_ENABLE_OBJC_ARC = YES;
				CLANG_ENABLE_OBJC_WEAK = YES;
				CLANG_WARN_BLOCK_CAPTURE_AUTORELEASING = YES;
				CLANG_WARN_BOOL_CONVERSION = YES;
				CLANG_WARN_COMMA = YES;
				CLANG_WARN_CONSTANT_CONVERSION = YES;
				CLANG_WARN_DEPRECATED_OBJC_IMPLEMENTATIONS = YES;
				CLANG_WARN_DIRECT_OBJC_ISA_USAGE = YES_ERROR;
				CLANG_WARN_DOCUMENTATION_COMMENTS = YES;
				CLANG_WARN_EMPTY_BODY = YES;
				CLANG_WARN_ENUM_CONVERSION = YES;
				CLANG_WARN_INFINITE_RECURSION = YES;
				CLANG_WARN_INT_CONVERSION = YES;
				CLANG_WARN_NON_LITERAL_NULL_CONVERSION = YES;
				CLANG_WARN_OBJC_IMPLICIT_RETAIN_SELF = YES;
				CLANG_WARN_OBJC_LITERAL_CONVERSION = YES;
				CLANG_WARN_OBJC_ROOT_CLASS = YES_ERROR;
				CLANG_WARN_QUOTED_INCLUDE_IN_FRAMEWORK_HEADER = YES;
				CLANG_WARN_RANGE_LOOP_ANALYSIS = YES;
				CLANG_WARN_STRICT_PROTOTYPES = YES;
				CLANG_WARN_SUSPICIOUS_MOVE = YES;
				CLANG_WARN_UNGUARDED_AVAILABILITY = YES_AGGRESSIVE;
				CLANG_WARN_UNREACHABLE_CODE = YES;
				CLANG_WARN__DUPLICATE_METHOD_MATCH = YES;
				COPY_PHASE_STRIP = NO;
				DEBUG_INFORMATION_FORMAT = "dwarf-with-dsym";
				ENABLE_NS_ASSERTIONS = NO;
				ENABLE_STRICT_OBJC_MSGSEND = YES;
				GCC_C_LANGUAGE_STANDARD = gnu11;
				GCC_NO_COMMON_BLOCKS = YES;
				GCC_WARN_64_TO_32_BIT_CONVERSION = YES;
				GCC_WARN_ABOUT_RETURN_TYPE = YES_ERROR;
				GCC_WARN_UNDECLARED_SELECTOR = YES;
				GCC_WARN_UNINITIALIZED_AUTOS = YES_AGGRESSIVE;
				GCC_WARN_UNUSED_FUNCTION = YES;
				GCC_WARN_UNUSED_VARIABLE = YES;
				IPHONEOS_DEPLOYMENT_TARGET = 13.0;
				MTL_ENABLE_DEBUG_INFO = NO;
				MTL_FAST_MATH = YES;
				SDKROOT = iphoneos;
				SWIFT_COMPILATION_MODE = wholemodule;
				SWIFT_OPTIMIZATION_LEVEL = "-O";
				VALIDATE_PRODUCT = YES;
			};
			name = Release;
		};
		09690D20269DDB410003FDC2 /* Debug */ = {
			isa = XCBuildConfiguration;
			baseConfigurationReference = 0B0E8AE0040FB34B556DA093 /* Pods-Challenge.debug.xcconfig */;
			buildSettings = {
				ASSETCATALOG_COMPILER_APPICON_NAME = AppIcon;
				ASSETCATALOG_COMPILER_GLOBAL_ACCENT_COLOR_NAME = AccentColor;
				CODE_SIGN_STYLE = Automatic;
				DEVELOPMENT_TEAM = 4X54PF5Z7S;
				INFOPLIST_FILE = Challenge/Info.plist;
				LD_RUNPATH_SEARCH_PATHS = (
					"$(inherited)",
					"@executable_path/Frameworks",
				);
				PRODUCT_BUNDLE_IDENTIFIER = com.daisuke.Challenge;
				PRODUCT_NAME = "$(TARGET_NAME)";
				SWIFT_VERSION = 5.0;
				TARGETED_DEVICE_FAMILY = "1,2";
			};
			name = Debug;
		};
		09690D21269DDB410003FDC2 /* Release */ = {
			isa = XCBuildConfiguration;
			baseConfigurationReference = 071E237C5F473057AE3D1A3D /* Pods-Challenge.release.xcconfig */;
			buildSettings = {
				ASSETCATALOG_COMPILER_APPICON_NAME = AppIcon;
				ASSETCATALOG_COMPILER_GLOBAL_ACCENT_COLOR_NAME = AccentColor;
				CODE_SIGN_STYLE = Automatic;
				DEVELOPMENT_TEAM = 4X54PF5Z7S;
				INFOPLIST_FILE = Challenge/Info.plist;
				LD_RUNPATH_SEARCH_PATHS = (
					"$(inherited)",
					"@executable_path/Frameworks",
				);
				PRODUCT_BUNDLE_IDENTIFIER = com.daisuke.Challenge;
				PRODUCT_NAME = "$(TARGET_NAME)";
				SWIFT_VERSION = 5.0;
				TARGETED_DEVICE_FAMILY = "1,2";
			};
			name = Release;
		};
/* End XCBuildConfiguration section */

/* Begin XCConfigurationList section */
		09690D06269DDB3C0003FDC2 /* Build configuration list for PBXProject "Challenge" */ = {
			isa = XCConfigurationList;
			buildConfigurations = (
				09690D1D269DDB410003FDC2 /* Debug */,
				09690D1E269DDB410003FDC2 /* Release */,
			);
			defaultConfigurationIsVisible = 0;
			defaultConfigurationName = Release;
		};
		09690D1F269DDB410003FDC2 /* Build configuration list for PBXNativeTarget "Challenge" */ = {
			isa = XCConfigurationList;
			buildConfigurations = (
				09690D20269DDB410003FDC2 /* Debug */,
				09690D21269DDB410003FDC2 /* Release */,
			);
			defaultConfigurationIsVisible = 0;
			defaultConfigurationName = Release;
		};
/* End XCConfigurationList section */
	};
	rootObject = 09690D03269DDB3C0003FDC2 /* Project object */;
}
